
Microsoft Visual Studio Solution File, Format Version 12.00
# Visual Studio Version 17
VisualStudioVersion = 17.10.35013.160
MinimumVisualStudioVersion = 10.0.40219.1
Project("{9A19103F-16F7-4668-BE54-9A1E7A4F7556}") = "WebAPIHospitalCP05", "cp4WebAPI\WebAPIHospitalCP05.csproj", "{5A1A4A56-BBDD-41F0-8346-983B23F128F7}"
EndProject
Global
	GlobalSection(SolutionConfigurationPlatforms) = preSolution
		Debug|Any CPU = Debug|Any CPU
		Release|Any CPU = Release|Any CPU
	EndGlobalSection
	GlobalSection(ProjectConfigurationPlatforms) = postSolution
		{5A1A4A56-BBDD-41F0-8346-983B23F128F7}.Debug|Any CPU.ActiveCfg = Debug|Any CPU
		{5A1A4A56-BBDD-41F0-8346-983B23F128F7}.Debug|Any CPU.Build.0 = Debug|Any CPU
		{5A1A4A56-BBDD-41F0-8346-983B23F128F7}.Release|Any CPU.ActiveCfg = Release|Any CPU
		{5A1A4A56-BBDD-41F0-8346-983B23F128F7}.Release|Any CPU.Build.0 = Release|Any CPU
	EndGlobalSection
	GlobalSection(SolutionProperties) = preSolution
		HideSolutionNode = FALSE
	EndGlobalSection
	GlobalSection(ExtensibilityGlobals) = postSolution
		SolutionGuid = {F08D3758-0D68-4B74-AEAE-59F357FDBCD3}
	EndGlobalSection
EndGlobal
